
Microsoft Visual Studio Solution File, Format Version 11.00
# Visual Studio 2010
Project("{F184B08F-C81C-45F6-A57F-5ABD9991F28F}") = "EmpInfo", "EmpInfo\EmpInfo.vbproj", "{2FBD802E-9DF4-44D3-85D5-258DCB7E00DE}"
EndProject
Global
	GlobalSection(SolutionConfigurationPlatforms) = preSolution
		Debug|x86 = Debug|x86
		Release|x86 = Release|x86
	EndGlobalSection
	GlobalSection(ProjectConfigurationPlatforms) = postSolution
		{2FBD802E-9DF4-44D3-85D5-258DCB7E00DE}.Debug|x86.ActiveCfg = Debug|x86
		{2FBD802E-9DF4-44D3-85D5-258DCB7E00DE}.Debug|x86.Build.0 = Debug|x86
		{2FBD802E-9DF4-44D3-85D5-258DCB7E00DE}.Release|x86.ActiveCfg = Release|x86
		{2FBD802E-9DF4-44D3-85D5-258DCB7E00DE}.Release|x86.Build.0 = Release|x86
	EndGlobalSection
	GlobalSection(SolutionProperties) = preSolution
		HideSolutionNode = FALSE
	EndGlobalSection
EndGlobal
